
Microsoft Visual Studio Solution File, Format Version 12.00
# Visual Studio Version 17
VisualStudioVersion = 17.2.32516.85
MinimumVisualStudioVersion = 10.0.40219.1
Project("{FAE04EC0-301F-11D3-BF4B-00C04F79EFBC}") = "QLsanpham", "QLsanpham\QLsanpham.csproj", "{593627D5-F58E-45DF-BD34-E12058BE1C93}"
EndProject
Global
	GlobalSection(SolutionConfigurationPlatforms) = preSolution
		Debug|Any CPU = Debug|Any CPU
		Release|Any CPU = Release|Any CPU
	EndGlobalSection
	GlobalSection(ProjectConfigurationPlatforms) = postSolution
		{593627D5-F58E-45DF-BD34-E12058BE1C93}.Debug|Any CPU.ActiveCfg = Debug|Any CPU
		{593627D5-F58E-45DF-BD34-E12058BE1C93}.Debug|Any CPU.Build.0 = Debug|Any CPU
		{593627D5-F58E-45DF-BD34-E12058BE1C93}.Release|Any CPU.ActiveCfg = Release|Any CPU
		{593627D5-F58E-45DF-BD34-E12058BE1C93}.Release|Any CPU.Build.0 = Release|Any CPU
	EndGlobalSection
	GlobalSection(SolutionProperties) = preSolution
		HideSolutionNode = FALSE
	EndGlobalSection
	GlobalSection(ExtensibilityGlobals) = postSolution
		SolutionGuid = {E88C7D56-95C9-4797-9AEA-DA1C4442B681}
	EndGlobalSection
EndGlobal
